
Microsoft Visual Studio Solution File, Format Version 12.00
# Visual Studio Version 17
VisualStudioVersion = 17.11.35005.142
MinimumVisualStudioVersion = 10.0.40219.1
Project("{2150E333-8FDC-42A3-9474-1A3956D46DE8}") = "Modules", "Modules", "{13F0A89B-1DCA-4CFC-B7DB-BE8B6E8AE925}"
EndProject
Project("{2150E333-8FDC-42A3-9474-1A3956D46DE8}") = "Shared", "Shared", "{D87C5E3E-271F-45BD-B8AB-1063CA95F926}"
EndProject
Project("{2150E333-8FDC-42A3-9474-1A3956D46DE8}") = "Documents", "Documents", "{150B2AD3-64EF-4C30-BC7B-D6EBFC5C84B6}"
EndProject
Project("{2150E333-8FDC-42A3-9474-1A3956D46DE8}") = "Account", "Account", "{DA95F262-2E5E-48B6-AEBD-5AD0DF633AAF}"
EndProject
Project("{9A19103F-16F7-4668-BE54-9A1E7A4F7556}") = "DotNet8.EmailVerification.Modules.Account.Domain", "DotNet8.EmailVerification.Modules.Account.Domain\DotNet8.EmailVerification.Modules.Account.Domain.csproj", "{6E0C2DA9-83D1-423A-9156-2E5E3E1BF83B}"
EndProject
Project("{9A19103F-16F7-4668-BE54-9A1E7A4F7556}") = "DotNet8.EmailVerification.Modules.Account.Application", "DotNet8.EmailVerification.Modules.Account.Application\DotNet8.EmailVerification.Modules.Account.Application.csproj", "{F9231FDE-A168-42B8-9C0D-7581AA64FD65}"
EndProject
Project("{9A19103F-16F7-4668-BE54-9A1E7A4F7556}") = "DotNet8.EmailVerification.Modules.Account.Infrastructure", "DotNet8.EmailVerification.Modules.Account.Infrastructure\DotNet8.EmailVerification.Modules.Account.Infrastructure.csproj", "{1599206C-8DD7-4AB9-82A2-6C39AEFE7C5E}"
EndProject
Project("{9A19103F-16F7-4668-BE54-9A1E7A4F7556}") = "DotNet8.EmailVerification.Modules.Account.Presentation", "DotNet8.EmailVerification.Modules.Account.Presentation\DotNet8.EmailVerification.Modules.Account.Presentation.csproj", "{B8F1E7A8-69FD-4786-9448-A5EAFC0B63BC}"
EndProject
Project("{9A19103F-16F7-4668-BE54-9A1E7A4F7556}") = "DotNet8.EmailVerification.Shared", "DotNet8.EmailVerification.Shared\DotNet8.EmailVerification.Shared.csproj", "{18865412-5F97-40ED-ABF9-57F3FA82CDA7}"
EndProject
Project("{9A19103F-16F7-4668-BE54-9A1E7A4F7556}") = "DotNet8.EmailVerification.DTOs", "DotNet8.EmailVerification.DTOs\DotNet8.EmailVerification.DTOs.csproj", "{A174E290-291D-402B-8BC5-615147BD2A5A}"
EndProject
Project("{9A19103F-16F7-4668-BE54-9A1E7A4F7556}") = "DotNet8.EmailVerification.Utils", "DotNet8.EmailVerification.Utils\DotNet8.EmailVerification.Utils.csproj", "{17D2EC14-1E43-4AAB-8BE0-1C54F8AFADBF}"
EndProject
Project("{2150E333-8FDC-42A3-9474-1A3956D46DE8}") = "App", "App", "{183579CA-B953-4DE5-B793-1055D979F279}"
EndProject
Project("{9A19103F-16F7-4668-BE54-9A1E7A4F7556}") = "DotNet8.EmailVerification.App", "DotNet8.EmailVerification.App\DotNet8.EmailVerification.App.csproj", "{81DEF838-A312-46C4-98BC-1CB2E0FB269A}"
EndProject
Project("{2150E333-8FDC-42A3-9474-1A3956D46DE8}") = "src", "src", "{0ABD552A-6AF2-42D5-A8D1-9FBFBDE2356A}"
EndProject
Global
	GlobalSection(SolutionConfigurationPlatforms) = preSolution
		Debug|Any CPU = Debug|Any CPU
		Release|Any CPU = Release|Any CPU
	EndGlobalSection
	GlobalSection(ProjectConfigurationPlatforms) = postSolution
		{6E0C2DA9-83D1-423A-9156-2E5E3E1BF83B}.Debug|Any CPU.ActiveCfg = Debug|Any CPU
		{6E0C2DA9-83D1-423A-9156-2E5E3E1BF83B}.Debug|Any CPU.Build.0 = Debug|Any CPU
		{6E0C2DA9-83D1-423A-9156-2E5E3E1BF83B}.Release|Any CPU.ActiveCfg = Release|Any CPU
		{6E0C2DA9-83D1-423A-9156-2E5E3E1BF83B}.Release|Any CPU.Build.0 = Release|Any CPU
		{F9231FDE-A168-42B8-9C0D-7581AA64FD65}.Debug|Any CPU.ActiveCfg = Debug|Any CPU
		{F9231FDE-A168-42B8-9C0D-7581AA64FD65}.Debug|Any CPU.Build.0 = Debug|Any CPU
		{F9231FDE-A168-42B8-9C0D-7581AA64FD65}.Release|Any CPU.ActiveCfg = Release|Any CPU
		{F9231FDE-A168-42B8-9C0D-7581AA64FD65}.Release|Any CPU.Build.0 = Release|Any CPU
		{1599206C-8DD7-4AB9-82A2-6C39AEFE7C5E}.Debug|Any CPU.ActiveCfg = Debug|Any CPU
		{1599206C-8DD7-4AB9-82A2-6C39AEFE7C5E}.Debug|Any CPU.Build.0 = Debug|Any CPU
		{1599206C-8DD7-4AB9-82A2-6C39AEFE7C5E}.Release|Any CPU.ActiveCfg = Release|Any CPU
		{1599206C-8DD7-4AB9-82A2-6C39AEFE7C5E}.Release|Any CPU.Build.0 = Release|Any CPU
		{B8F1E7A8-69FD-4786-9448-A5EAFC0B63BC}.Debug|Any CPU.ActiveCfg = Debug|Any CPU
		{B8F1E7A8-69FD-4786-9448-A5EAFC0B63BC}.Debug|Any CPU.Build.0 = Debug|Any CPU
		{B8F1E7A8-69FD-4786-9448-A5EAFC0B63BC}.Release|Any CPU.ActiveCfg = Release|Any CPU
		{B8F1E7A8-69FD-4786-9448-A5EAFC0B63BC}.Release|Any CPU.Build.0 = Release|Any CPU
		{18865412-5F97-40ED-ABF9-57F3FA82CDA7}.Debug|Any CPU.ActiveCfg = Debug|Any CPU
		{18865412-5F97-40ED-ABF9-57F3FA82CDA7}.Debug|Any CPU.Build.0 = Debug|Any CPU
		{18865412-5F97-40ED-ABF9-57F3FA82CDA7}.Release|Any CPU.ActiveCfg = Release|Any CPU
		{18865412-5F97-40ED-ABF9-57F3FA82CDA7}.Release|Any CPU.Build.0 = Release|Any CPU
		{A174E290-291D-402B-8BC5-615147BD2A5A}.Debug|Any CPU.ActiveCfg = Debug|Any CPU
		{A174E290-291D-402B-8BC5-615147BD2A5A}.Debug|Any CPU.Build.0 = Debug|Any CPU
		{A174E290-291D-402B-8BC5-615147BD2A5A}.Release|Any CPU.ActiveCfg = Release|Any CPU
		{A174E290-291D-402B-8BC5-615147BD2A5A}.Release|Any CPU.Build.0 = Release|Any CPU
		{17D2EC14-1E43-4AAB-8BE0-1C54F8AFADBF}.Debug|Any CPU.ActiveCfg = Debug|Any CPU
		{17D2EC14-1E43-4AAB-8BE0-1C54F8AFADBF}.Debug|Any CPU.Build.0 = Debug|Any CPU
		{17D2EC14-1E43-4AAB-8BE0-1C54F8AFADBF}.Release|Any CPU.ActiveCfg = Release|Any CPU
		{17D2EC14-1E43-4AAB-8BE0-1C54F8AFADBF}.Release|Any CPU.Build.0 = Release|Any CPU
		{81DEF838-A312-46C4-98BC-1CB2E0FB269A}.Debug|Any CPU.ActiveCfg = Debug|Any CPU
		{81DEF838-A312-46C4-98BC-1CB2E0FB269A}.Debug|Any CPU.Build.0 = Debug|Any CPU
		{81DEF838-A312-46C4-98BC-1CB2E0FB269A}.Release|Any CPU.ActiveCfg = Release|Any CPU
		{81DEF838-A312-46C4-98BC-1CB2E0FB269A}.Release|Any CPU.Build.0 = Release|Any CPU
	EndGlobalSection
	GlobalSection(SolutionProperties) = preSolution
		HideSolutionNode = FALSE
	EndGlobalSection
	GlobalSection(NestedProjects) = preSolution
		{13F0A89B-1DCA-4CFC-B7DB-BE8B6E8AE925} = {0ABD552A-6AF2-42D5-A8D1-9FBFBDE2356A}
		{DA95F262-2E5E-48B6-AEBD-5AD0DF633AAF} = {13F0A89B-1DCA-4CFC-B7DB-BE8B6E8AE925}
		{6E0C2DA9-83D1-423A-9156-2E5E3E1BF83B} = {DA95F262-2E5E-48B6-AEBD-5AD0DF633AAF}
		{F9231FDE-A168-42B8-9C0D-7581AA64FD65} = {DA95F262-2E5E-48B6-AEBD-5AD0DF633AAF}
		{1599206C-8DD7-4AB9-82A2-6C39AEFE7C5E} = {DA95F262-2E5E-48B6-AEBD-5AD0DF633AAF}
		{B8F1E7A8-69FD-4786-9448-A5EAFC0B63BC} = {DA95F262-2E5E-48B6-AEBD-5AD0DF633AAF}
		{18865412-5F97-40ED-ABF9-57F3FA82CDA7} = {D87C5E3E-271F-45BD-B8AB-1063CA95F926}
		{A174E290-291D-402B-8BC5-615147BD2A5A} = {D87C5E3E-271F-45BD-B8AB-1063CA95F926}
		{17D2EC14-1E43-4AAB-8BE0-1C54F8AFADBF} = {D87C5E3E-271F-45BD-B8AB-1063CA95F926}
		{183579CA-B953-4DE5-B793-1055D979F279} = {0ABD552A-6AF2-42D5-A8D1-9FBFBDE2356A}
		{81DEF838-A312-46C4-98BC-1CB2E0FB269A} = {183579CA-B953-4DE5-B793-1055D979F279}
	EndGlobalSection
	GlobalSection(ExtensibilityGlobals) = postSolution
		SolutionGuid = {05E91BAE-5DA7-40F6-BA5A-61E2626913E0}
	EndGlobalSection
EndGlobal
